
Microsoft Visual Studio Solution File, Format Version 12.00
# Visual Studio Version 16
VisualStudioVersion = 16.0.810.19
MinimumVisualStudioVersion = 10.0.40219.1
Project("{FAE04EC0-301F-11D3-BF4B-00C04F79EFBC}") = "PersonProject", "PersonProject\PersonProject.csproj", "{1C7B1DE7-C3B3-49FC-8C4B-902803476148}"
EndProject
Global
	GlobalSection(SolutionConfigurationPlatforms) = preSolution
		Debug|Any CPU = Debug|Any CPU
		Release|Any CPU = Release|Any CPU
	EndGlobalSection
	GlobalSection(ProjectConfigurationPlatforms) = postSolution
		{1C7B1DE7-C3B3-49FC-8C4B-902803476148}.Debug|Any CPU.ActiveCfg = Debug|Any CPU
		{1C7B1DE7-C3B3-49FC-8C4B-902803476148}.Debug|Any CPU.Build.0 = Debug|Any CPU
		{1C7B1DE7-C3B3-49FC-8C4B-902803476148}.Release|Any CPU.ActiveCfg = Release|Any CPU
		{1C7B1DE7-C3B3-49FC-8C4B-902803476148}.Release|Any CPU.Build.0 = Release|Any CPU
	EndGlobalSection
	GlobalSection(SolutionProperties) = preSolution
		HideSolutionNode = FALSE
	EndGlobalSection
	GlobalSection(ExtensibilityGlobals) = postSolution
		SolutionGuid = {556078F5-4C0F-4506-975D-40E870E7F92A}
	EndGlobalSection
EndGlobal
